
Microsoft Visual Studio Solution File, Format Version 12.00
# Visual Studio 15
Project("{FAE04EC0-301F-11D3-BF4B-00C04F79EFBC}") = "Assembly-CSharp", "Assembly-CSharp.csproj", "{107CB91C-0182-FF27-2603-ADA12CC6FDD8}"
EndProject
Project("{FAE04EC0-301F-11D3-BF4B-00C04F79EFBC}") = "Assembly-CSharp-Editor", "Assembly-CSharp-Editor.csproj", "{A0F28FE3-8BDD-0CCF-83D7-0A4CACD540E6}"
EndProject
Global
	GlobalSection(SolutionConfigurationPlatforms) = preSolution
		Debug|Any CPU = Debug|Any CPU
		Release|Any CPU = Release|Any CPU
	EndGlobalSection
	GlobalSection(ProjectConfigurationPlatforms) = postSolution
		{107CB91C-0182-FF27-2603-ADA12CC6FDD8}.Debug|Any CPU.ActiveCfg = Debug|Any CPU
		{107CB91C-0182-FF27-2603-ADA12CC6FDD8}.Debug|Any CPU.Build.0 = Debug|Any CPU
		{107CB91C-0182-FF27-2603-ADA12CC6FDD8}.Release|Any CPU.ActiveCfg = Release|Any CPU
		{107CB91C-0182-FF27-2603-ADA12CC6FDD8}.Release|Any CPU.Build.0 = Release|Any CPU
		{A0F28FE3-8BDD-0CCF-83D7-0A4CACD540E6}.Debug|Any CPU.ActiveCfg = Debug|Any CPU
		{A0F28FE3-8BDD-0CCF-83D7-0A4CACD540E6}.Debug|Any CPU.Build.0 = Debug|Any CPU
		{A0F28FE3-8BDD-0CCF-83D7-0A4CACD540E6}.Release|Any CPU.ActiveCfg = Release|Any CPU
		{A0F28FE3-8BDD-0CCF-83D7-0A4CACD540E6}.Release|Any CPU.Build.0 = Release|Any CPU
	EndGlobalSection
	GlobalSection(SolutionProperties) = preSolution
		HideSolutionNode = FALSE
	EndGlobalSection
EndGlobal
